// !$*UTF8*$!
{
	archiveVersion = 1;
	classes = {
	};
	objectVersion = 55;
	objects = {

/* Begin PBXBuildFile section */
		3740FD3328B6CB5500B19C43 /* AppDelegate.swift in Sources */ = {isa = PBXBuildFile; fileRef = 3740FD3228B6CB5500B19C43 /* AppDelegate.swift */; };
		3740FD3528B6CB5500B19C43 /* SceneDelegate.swift in Sources */ = {isa = PBXBuildFile; fileRef = 3740FD3428B6CB5500B19C43 /* SceneDelegate.swift */; };
		3740FD3728B6CB5500B19C43 /* OnboardingViewController.swift in Sources */ = {isa = PBXBuildFile; fileRef = 3740FD3628B6CB5500B19C43 /* OnboardingViewController.swift */; };
		3740FD3C28B6CB5700B19C43 /* Assets.xcassets in Resources */ = {isa = PBXBuildFile; fileRef = 3740FD3B28B6CB5700B19C43 /* Assets.xcassets */; };
		3740FD3F28B6CB5700B19C43 /* LaunchScreen.storyboard in Resources */ = {isa = PBXBuildFile; fileRef = 3740FD3D28B6CB5700B19C43 /* LaunchScreen.storyboard */; };
		3740FD4928B6CCB100B19C43 /* OnboardingView.swift in Sources */ = {isa = PBXBuildFile; fileRef = 3740FD4828B6CCB100B19C43 /* OnboardingView.swift */; };
		3740FD5428B6CE0D00B19C43 /* OnboardingCoordinator.swift in Sources */ = {isa = PBXBuildFile; fileRef = 3740FD5328B6CE0D00B19C43 /* OnboardingCoordinator.swift */; };
		3740FD5628B6CF0700B19C43 /* ViewCodable.swift in Sources */ = {isa = PBXBuildFile; fileRef = 3740FD5528B6CF0700B19C43 /* ViewCodable.swift */; };
		3740FD5828B6D31F00B19C43 /* UIColor+Extensions.swift in Sources */ = {isa = PBXBuildFile; fileRef = 3740FD5728B6D31F00B19C43 /* UIColor+Extensions.swift */; };
		37C4517A28B6D6D900631FEB /* Fonts.swift in Sources */ = {isa = PBXBuildFile; fileRef = 37C4517928B6D6D900631FEB /* Fonts.swift */; };
		37C4517C28B6D7C900631FEB /* Ubuntu-Medium.ttf in Resources */ = {isa = PBXBuildFile; fileRef = 37C4517B28B6D7C900631FEB /* Ubuntu-Medium.ttf */; };
		37C4517E28B6D7D400631FEB /* Ubuntu-Regular.ttf in Resources */ = {isa = PBXBuildFile; fileRef = 37C4517D28B6D7D400631FEB /* Ubuntu-Regular.ttf */; };
		37C4518028B6D7E300631FEB /* Ubuntu-Bold.ttf in Resources */ = {isa = PBXBuildFile; fileRef = 37C4517F28B6D7E300631FEB /* Ubuntu-Bold.ttf */; };
		37C4518228B6D7F000631FEB /* Ubuntu-Light.ttf in Resources */ = {isa = PBXBuildFile; fileRef = 37C4518128B6D7F000631FEB /* Ubuntu-Light.ttf */; };
		37C4518528B6DEF700631FEB /* UIButtonFeed.swift in Sources */ = {isa = PBXBuildFile; fileRef = 37C4518428B6DEF700631FEB /* UIButtonFeed.swift */; };
		37C4518828B6DF9400631FEB /* LoginViewController.swift in Sources */ = {isa = PBXBuildFile; fileRef = 37C4518728B6DF9400631FEB /* LoginViewController.swift */; };
/* End PBXBuildFile section */

/* Begin PBXFileReference section */
		3740FD2F28B6CB5500B19C43 /* PhotoFeed.app */ = {isa = PBXFileReference; explicitFileType = wrapper.application; includeInIndex = 0; path = PhotoFeed.app; sourceTree = BUILT_PRODUCTS_DIR; };
		3740FD3228B6CB5500B19C43 /* AppDelegate.swift */ = {isa = PBXFileReference; lastKnownFileType = sourcecode.swift; path = AppDelegate.swift; sourceTree = "<group>"; };
		3740FD3428B6CB5500B19C43 /* SceneDelegate.swift */ = {isa = PBXFileReference; lastKnownFileType = sourcecode.swift; path = SceneDelegate.swift; sourceTree = "<group>"; };
		3740FD3628B6CB5500B19C43 /* OnboardingViewController.swift */ = {isa = PBXFileReference; lastKnownFileType = sourcecode.swift; path = OnboardingViewController.swift; sourceTree = "<group>"; };
		3740FD3B28B6CB5700B19C43 /* Assets.xcassets */ = {isa = PBXFileReference; lastKnownFileType = folder.assetcatalog; path = Assets.xcassets; sourceTree = "<group>"; };
		3740FD3E28B6CB5700B19C43 /* Base */ = {isa = PBXFileReference; lastKnownFileType = file.storyboard; name = Base; path = Base.lproj/LaunchScreen.storyboard; sourceTree = "<group>"; };
		3740FD4028B6CB5700B19C43 /* Info.plist */ = {isa = PBXFileReference; lastKnownFileType = text.plist.xml; path = Info.plist; sourceTree = "<group>"; };
		3740FD4828B6CCB100B19C43 /* OnboardingView.swift */ = {isa = PBXFileReference; lastKnownFileType = sourcecode.swift; path = OnboardingView.swift; sourceTree = "<group>"; };
		3740FD5328B6CE0D00B19C43 /* OnboardingCoordinator.swift */ = {isa = PBXFileReference; lastKnownFileType = sourcecode.swift; path = OnboardingCoordinator.swift; sourceTree = "<group>"; };
		3740FD5528B6CF0700B19C43 /* ViewCodable.swift */ = {isa = PBXFileReference; lastKnownFileType = sourcecode.swift; path = ViewCodable.swift; sourceTree = "<group>"; };
		3740FD5728B6D31F00B19C43 /* UIColor+Extensions.swift */ = {isa = PBXFileReference; lastKnownFileType = sourcecode.swift; path = "UIColor+Extensions.swift"; sourceTree = "<group>"; };
		37C4517928B6D6D900631FEB /* Fonts.swift */ = {isa = PBXFileReference; lastKnownFileType = sourcecode.swift; path = Fonts.swift; sourceTree = "<group>"; };
		37C4517B28B6D7C900631FEB /* Ubuntu-Medium.ttf */ = {isa = PBXFileReference; lastKnownFileType = file; path = "Ubuntu-Medium.ttf"; sourceTree = "<group>"; };
		37C4517D28B6D7D400631FEB /* Ubuntu-Regular.ttf */ = {isa = PBXFileReference; lastKnownFileType = file; path = "Ubuntu-Regular.ttf"; sourceTree = "<group>"; };
		37C4517F28B6D7E300631FEB /* Ubuntu-Bold.ttf */ = {isa = PBXFileReference; lastKnownFileType = file; path = "Ubuntu-Bold.ttf"; sourceTree = "<group>"; };
		37C4518128B6D7F000631FEB /* Ubuntu-Light.ttf */ = {isa = PBXFileReference; lastKnownFileType = file; path = "Ubuntu-Light.ttf"; sourceTree = "<group>"; };
		37C4518428B6DEF700631FEB /* UIButtonFeed.swift */ = {isa = PBXFileReference; lastKnownFileType = sourcecode.swift; path = UIButtonFeed.swift; sourceTree = "<group>"; };
		37C4518728B6DF9400631FEB /* LoginViewController.swift */ = {isa = PBXFileReference; lastKnownFileType = sourcecode.swift; path = LoginViewController.swift; sourceTree = "<group>"; };
/* End PBXFileReference section */

/* Begin PBXFrameworksBuildPhase section */
		3740FD2C28B6CB5500B19C43 /* Frameworks */ = {
			isa = PBXFrameworksBuildPhase;
			buildActionMask = 2147483647;
			files = (
			);
			runOnlyForDeploymentPostprocessing = 0;
		};
/* End PBXFrameworksBuildPhase section */

/* Begin PBXGroup section */
		3740FD2628B6CB5500B19C43 = {
			isa = PBXGroup;
			children = (
				3740FD3128B6CB5500B19C43 /* PhotoFeed */,
				3740FD3028B6CB5500B19C43 /* Products */,
			);
			sourceTree = "<group>";
		};
		3740FD3028B6CB5500B19C43 /* Products */ = {
			isa = PBXGroup;
			children = (
				3740FD2F28B6CB5500B19C43 /* PhotoFeed.app */,
			);
			name = Products;
			sourceTree = "<group>";
		};
		3740FD3128B6CB5500B19C43 /* PhotoFeed */ = {
			isa = PBXGroup;
			children = (
				37C4517828B6D6CB00631FEB /* Fonts */,
				37C4517728B6D6BC00631FEB /* Extensions */,
				3740FD4A28B6CCEC00B19C43 /* Views */,
				3740FD4C28B6CCF900B19C43 /* SuportedFiles */,
				3740FD3B28B6CB5700B19C43 /* Assets.xcassets */,
				3740FD3D28B6CB5700B19C43 /* LaunchScreen.storyboard */,
				3740FD4028B6CB5700B19C43 /* Info.plist */,
			);
			path = PhotoFeed;
			sourceTree = "<group>";
		};
		3740FD4A28B6CCEC00B19C43 /* Views */ = {
			isa = PBXGroup;
			children = (
				37C4518628B6DF8500631FEB /* Login */,
				37C4518328B6DEE300631FEB /* Components */,
				3740FD4F28B6CD0B00B19C43 /* Onboarding */,
			);
			path = Views;
			sourceTree = "<group>";
		};
		3740FD4C28B6CCF900B19C43 /* SuportedFiles */ = {
			isa = PBXGroup;
			children = (
				3740FD3228B6CB5500B19C43 /* AppDelegate.swift */,
				3740FD3428B6CB5500B19C43 /* SceneDelegate.swift */,
			);
			path = SuportedFiles;
			sourceTree = "<group>";
		};
		3740FD4F28B6CD0B00B19C43 /* Onboarding */ = {
			isa = PBXGroup;
			children = (
				3740FD5328B6CE0D00B19C43 /* OnboardingCoordinator.swift */,
				3740FD3628B6CB5500B19C43 /* OnboardingViewController.swift */,
				3740FD4828B6CCB100B19C43 /* OnboardingView.swift */,
			);
			path = Onboarding;
			sourceTree = "<group>";
		};
		37C4517728B6D6BC00631FEB /* Extensions */ = {
			isa = PBXGroup;
			children = (
				3740FD5528B6CF0700B19C43 /* ViewCodable.swift */,
				3740FD5728B6D31F00B19C43 /* UIColor+Extensions.swift */,
			);
			path = Extensions;
			sourceTree = "<group>";
		};
		37C4517828B6D6CB00631FEB /* Fonts */ = {
			isa = PBXGroup;
			children = (
				37C4517D28B6D7D400631FEB /* Ubuntu-Regular.ttf */,
				37C4517B28B6D7C900631FEB /* Ubuntu-Medium.ttf */,
				37C4517F28B6D7E300631FEB /* Ubuntu-Bold.ttf */,
				37C4518128B6D7F000631FEB /* Ubuntu-Light.ttf */,
				37C4517928B6D6D900631FEB /* Fonts.swift */,
			);
			path = Fonts;
			sourceTree = "<group>";
		};
		37C4518328B6DEE300631FEB /* Components */ = {
			isa = PBXGroup;
			children = (
				37C4518428B6DEF700631FEB /* UIButtonFeed.swift */,
			);
			path = Components;
			sourceTree = "<group>";
		};
		37C4518628B6DF8500631FEB /* Login */ = {
			isa = PBXGroup;
			children = (
				37C4518728B6DF9400631FEB /* LoginViewController.swift */,
			);
			path = Login;
			sourceTree = "<group>";
		};
/* End PBXGroup section */

/* Begin PBXNativeTarget section */
		3740FD2E28B6CB5500B19C43 /* PhotoFeed */ = {
			isa = PBXNativeTarget;
			buildConfigurationList = 3740FD4328B6CB5700B19C43 /* Build configuration list for PBXNativeTarget "PhotoFeed" */;
			buildPhases = (
				3740FD2B28B6CB5500B19C43 /* Sources */,
				3740FD2C28B6CB5500B19C43 /* Frameworks */,
				3740FD2D28B6CB5500B19C43 /* Resources */,
			);
			buildRules = (
			);
			dependencies = (
			);
			name = PhotoFeed;
			productName = PhotoFeed;
			productReference = 3740FD2F28B6CB5500B19C43 /* PhotoFeed.app */;
			productType = "com.apple.product-type.application";
		};
/* End PBXNativeTarget section */

/* Begin PBXProject section */
		3740FD2728B6CB5500B19C43 /* Project object */ = {
			isa = PBXProject;
			attributes = {
				BuildIndependentTargetsInParallel = 1;
				LastSwiftUpdateCheck = 1340;
				LastUpgradeCheck = 1340;
				TargetAttributes = {
					3740FD2E28B6CB5500B19C43 = {
						CreatedOnToolsVersion = 13.4.1;
					};
				};
			};
			buildConfigurationList = 3740FD2A28B6CB5500B19C43 /* Build configuration list for PBXProject "PhotoFeed" */;
			compatibilityVersion = "Xcode 13.0";
			developmentRegion = en;
			hasScannedForEncodings = 0;
			knownRegions = (
				en,
				Base,
			);
			mainGroup = 3740FD2628B6CB5500B19C43;
			productRefGroup = 3740FD3028B6CB5500B19C43 /* Products */;
			projectDirPath = "";
			projectRoot = "";
			targets = (
				3740FD2E28B6CB5500B19C43 /* PhotoFeed */,
			);
		};
/* End PBXProject section */

/* Begin PBXResourcesBuildPhase section */
		3740FD2D28B6CB5500B19C43 /* Resources */ = {
			isa = PBXResourcesBuildPhase;
			buildActionMask = 2147483647;
			files = (
				37C4518028B6D7E300631FEB /* Ubuntu-Bold.ttf in Resources */,
				37C4517E28B6D7D400631FEB /* Ubuntu-Regular.ttf in Resources */,
				3740FD3F28B6CB5700B19C43 /* LaunchScreen.storyboard in Resources */,
				3740FD3C28B6CB5700B19C43 /* Assets.xcassets in Resources */,
				37C4518228B6D7F000631FEB /* Ubuntu-Light.ttf in Resources */,
				37C4517C28B6D7C900631FEB /* Ubuntu-Medium.ttf in Resources */,
			);
			runOnlyForDeploymentPostprocessing = 0;
		};
/* End PBXResourcesBuildPhase section */

/* Begin PBXSourcesBuildPhase section */
		3740FD2B28B6CB5500B19C43 /* Sources */ = {
			isa = PBXSourcesBuildPhase;
			buildActionMask = 2147483647;
			files = (
				37C4517A28B6D6D900631FEB /* Fonts.swift in Sources */,
				3740FD3728B6CB5500B19C43 /* OnboardingViewController.swift in Sources */,
				37C4518528B6DEF700631FEB /* UIButtonFeed.swift in Sources */,
				3740FD3328B6CB5500B19C43 /* AppDelegate.swift in Sources */,
				3740FD5428B6CE0D00B19C43 /* OnboardingCoordinator.swift in Sources */,
				3740FD4928B6CCB100B19C43 /* OnboardingView.swift in Sources */,
				3740FD5828B6D31F00B19C43 /* UIColor+Extensions.swift in Sources */,
				3740FD3528B6CB5500B19C43 /* SceneDelegate.swift in Sources */,
				37C4518828B6DF9400631FEB /* LoginViewController.swift in Sources */,
				3740FD5628B6CF0700B19C43 /* ViewCodable.swift in Sources */,
			);
			runOnlyForDeploymentPostprocessing = 0;
		};
/* End PBXSourcesBuildPhase section */

/* Begin PBXVariantGroup section */
		3740FD3D28B6CB5700B19C43 /* LaunchScreen.storyboard */ = {
			isa = PBXVariantGroup;
			children = (
				3740FD3E28B6CB5700B19C43 /* Base */,
			);
			name = LaunchScreen.storyboard;
			sourceTree = "<group>";
		};
/* End PBXVariantGroup section */

/* Begin XCBuildConfiguration section */
		3740FD4128B6CB5700B19C43 /* Debug */ = {
			isa = XCBuildConfiguration;
			buildSettings = {
				ALWAYS_SEARCH_USER_PATHS = NO;
				CLANG_ANALYZER_NONNULL = YES;
				CLANG_ANALYZER_NUMBER_OBJECT_CONVERSION = YES_AGGRESSIVE;
				CLANG_CXX_LANGUAGE_STANDARD = "gnu++17";
				CLANG_ENABLE_MODULES = YES;
				CLANG_ENABLE_OBJC_ARC = YES;
				CLANG_ENABLE_OBJC_WEAK = YES;
				CLANG_WARN_BLOCK_CAPTURE_AUTORELEASING = YES;
				CLANG_WARN_BOOL_CONVERSION = YES;
				CLANG_WARN_COMMA = YES;
				CLANG_WARN_CONSTANT_CONVERSION = YES;
				CLANG_WARN_DEPRECATED_OBJC_IMPLEMENTATIONS = YES;
				CLANG_WARN_DIRECT_OBJC_ISA_USAGE = YES_ERROR;
				CLANG_WARN_DOCUMENTATION_COMMENTS = YES;
				CLANG_WARN_EMPTY_BODY = YES;
				CLANG_WARN_ENUM_CONVERSION = YES;
				CLANG_WARN_INFINITE_RECURSION = YES;
				CLANG_WARN_INT_CONVERSION = YES;
				CLANG_WARN_NON_LITERAL_NULL_CONVERSION = YES;
				CLANG_WARN_OBJC_IMPLICIT_RETAIN_SELF = YES;
				CLANG_WARN_OBJC_LITERAL_CONVERSION = YES;
				CLANG_WARN_OBJC_ROOT_CLASS = YES_ERROR;
				CLANG_WARN_QUOTED_INCLUDE_IN_FRAMEWORK_HEADER = YES;
				CLANG_WARN_RANGE_LOOP_ANALYSIS = YES;
				CLANG_WARN_STRICT_PROTOTYPES = YES;
				CLANG_WARN_SUSPICIOUS_MOVE = YES;
				CLANG_WARN_UNGUARDED_AVAILABILITY = YES_AGGRESSIVE;
				CLANG_WARN_UNREACHABLE_CODE = YES;
				CLANG_WARN__DUPLICATE_METHOD_MATCH = YES;
				COPY_PHASE_STRIP = NO;
				DEBUG_INFORMATION_FORMAT = dwarf;
				ENABLE_STRICT_OBJC_MSGSEND = YES;
				ENABLE_TESTABILITY = YES;
				GCC_C_LANGUAGE_STANDARD = gnu11;
				GCC_DYNAMIC_NO_PIC = NO;
				GCC_NO_COMMON_BLOCKS = YES;
				GCC_OPTIMIZATION_LEVEL = 0;
				GCC_PREPROCESSOR_DEFINITIONS = (
					"DEBUG=1",
					"$(inherited)",
				);
				GCC_WARN_64_TO_32_BIT_CONVERSION = YES;
				GCC_WARN_ABOUT_RETURN_TYPE = YES_ERROR;
				GCC_WARN_UNDECLARED_SELECTOR = YES;
				GCC_WARN_UNINITIALIZED_AUTOS = YES_AGGRESSIVE;
				GCC_WARN_UNUSED_FUNCTION = YES;
				GCC_WARN_UNUSED_VARIABLE = YES;
				IPHONEOS_DEPLOYMENT_TARGET = 15.5;
				MTL_ENABLE_DEBUG_INFO = INCLUDE_SOURCE;
				MTL_FAST_MATH = YES;
				ONLY_ACTIVE_ARCH = YES;
				SDKROOT = iphoneos;
				SWIFT_ACTIVE_COMPILATION_CONDITIONS = DEBUG;
				SWIFT_OPTIMIZATION_LEVEL = "-Onone";
			};
			name = Debug;
		};
		3740FD4228B6CB5700B19C43 /* Release */ = {
			isa = XCBuildConfiguration;
			buildSettings = {
				ALWAYS_SEARCH_USER_PATHS = NO;
				CLANG_ANALYZER_NONNULL = YES;
				CLANG_ANALYZER_NUMBER_OBJECT_CONVERSION = YES_AGGRESSIVE;
				CLANG_CXX_LANGUAGE_STANDARD = "gnu++17";
				CLANG_ENABLE_MODULES = YES;
				CLANG_ENABLE_OBJC_ARC = YES;
				CLANG_ENABLE_OBJC_WEAK = YES;
				CLANG_WARN_BLOCK_CAPTURE_AUTORELEASING = YES;
				CLANG_WARN_BOOL_CONVERSION = YES;
				CLANG_WARN_COMMA = YES;
				CLANG_WARN_CONSTANT_CONVERSION = YES;
				CLANG_WARN_DEPRECATED_OBJC_IMPLEMENTATIONS = YES;
				CLANG_WARN_DIRECT_OBJC_ISA_USAGE = YES_ERROR;
				CLANG_WARN_DOCUMENTATION_COMMENTS = YES;
				CLANG_WARN_EMPTY_BODY = YES;
				CLANG_WARN_ENUM_CONVERSION = YES;
				CLANG_WARN_INFINITE_RECURSION = YES;
				CLANG_WARN_INT_CONVERSION = YES;
				CLANG_WARN_NON_LITERAL_NULL_CONVERSION = YES;
				CLANG_WARN_OBJC_IMPLICIT_RETAIN_SELF = YES;
				CLANG_WARN_OBJC_LITERAL_CONVERSION = YES;
				CLANG_WARN_OBJC_ROOT_CLASS = YES_ERROR;
				CLANG_WARN_QUOTED_INCLUDE_IN_FRAMEWORK_HEADER = YES;
				CLANG_WARN_RANGE_LOOP_ANALYSIS = YES;
				CLANG_WARN_STRICT_PROTOTYPES = YES;
				CLANG_WARN_SUSPICIOUS_MOVE = YES;
				CLANG_WARN_UNGUARDED_AVAILABILITY = YES_AGGRESSIVE;
				CLANG_WARN_UNREACHABLE_CODE = YES;
				CLANG_WARN__DUPLICATE_METHOD_MATCH = YES;
				COPY_PHASE_STRIP = NO;
				DEBUG_INFORMATION_FORMAT = "dwarf-with-dsym";
				ENABLE_NS_ASSERTIONS = NO;
				ENABLE_STRICT_OBJC_MSGSEND = YES;
				GCC_C_LANGUAGE_STANDARD = gnu11;
				GCC_NO_COMMON_BLOCKS = YES;
				GCC_WARN_64_TO_32_BIT_CONVERSION = YES;
				GCC_WARN_ABOUT_RETURN_TYPE = YES_ERROR;
				GCC_WARN_UNDECLARED_SELECTOR = YES;
				GCC_WARN_UNINITIALIZED_AUTOS = YES_AGGRESSIVE;
				GCC_WARN_UNUSED_FUNCTION = YES;
				GCC_WARN_UNUSED_VARIABLE = YES;
				IPHONEOS_DEPLOYMENT_TARGET = 15.5;
				MTL_ENABLE_DEBUG_INFO = NO;
				MTL_FAST_MATH = YES;
				SDKROOT = iphoneos;
				SWIFT_COMPILATION_MODE = wholemodule;
				SWIFT_OPTIMIZATION_LEVEL = "-O";
				VALIDATE_PRODUCT = YES;
			};
			name = Release;
		};
		3740FD4428B6CB5700B19C43 /* Debug */ = {
			isa = XCBuildConfiguration;
			buildSettings = {
				ASSETCATALOG_COMPILER_APPICON_NAME = AppIcon;
				ASSETCATALOG_COMPILER_GLOBAL_ACCENT_COLOR_NAME = AccentColor;
				CODE_SIGN_STYLE = Automatic;
				CURRENT_PROJECT_VERSION = 1;
				GENERATE_INFOPLIST_FILE = YES;
				INFOPLIST_FILE = PhotoFeed/Info.plist;
				INFOPLIST_KEY_UIApplicationSupportsIndirectInputEvents = YES;
				INFOPLIST_KEY_UILaunchStoryboardName = LaunchScreen;
				INFOPLIST_KEY_UISupportedInterfaceOrientations_iPad = "UIInterfaceOrientationPortrait UIInterfaceOrientationPortraitUpsideDown UIInterfaceOrientationLandscapeLeft UIInterfaceOrientationLandscapeRight";
				INFOPLIST_KEY_UISupportedInterfaceOrientations_iPhone = "UIInterfaceOrientationPortrait UIInterfaceOrientationLandscapeLeft UIInterfaceOrientationLandscapeRight";
				IPHONEOS_DEPLOYMENT_TARGET = 13.0;
				LD_RUNPATH_SEARCH_PATHS = (
					"$(inherited)",
					"@executable_path/Frameworks",
				);
				MARKETING_VERSION = 1.0;
				PRODUCT_BUNDLE_IDENTIFIER = photofeed.PhotoFeed;
				PRODUCT_NAME = "$(TARGET_NAME)";
				SWIFT_EMIT_LOC_STRINGS = YES;
				SWIFT_VERSION = 5.0;
				TARGETED_DEVICE_FAMILY = 1;
			};
			name = Debug;
		};
		3740FD4528B6CB5700B19C43 /* Release */ = {
			isa = XCBuildConfiguration;
			buildSettings = {
				ASSETCATALOG_COMPILER_APPICON_NAME = AppIcon;
				ASSETCATALOG_COMPILER_GLOBAL_ACCENT_COLOR_NAME = AccentColor;
				CODE_SIGN_STYLE = Automatic;
				CURRENT_PROJECT_VERSION = 1;
				GENERATE_INFOPLIST_FILE = YES;
				INFOPLIST_FILE = PhotoFeed/Info.plist;
				INFOPLIST_KEY_UIApplicationSupportsIndirectInputEvents = YES;
				INFOPLIST_KEY_UILaunchStoryboardName = LaunchScreen;
				INFOPLIST_KEY_UISupportedInterfaceOrientations_iPad = "UIInterfaceOrientationPortrait UIInterfaceOrientationPortraitUpsideDown UIInterfaceOrientationLandscapeLeft UIInterfaceOrientationLandscapeRight";
				INFOPLIST_KEY_UISupportedInterfaceOrientations_iPhone = "UIInterfaceOrientationPortrait UIInterfaceOrientationLandscapeLeft UIInterfaceOrientationLandscapeRight";
				IPHONEOS_DEPLOYMENT_TARGET = 13.0;
				LD_RUNPATH_SEARCH_PATHS = (
					"$(inherited)",
					"@executable_path/Frameworks",
				);
				MARKETING_VERSION = 1.0;
				PRODUCT_BUNDLE_IDENTIFIER = photofeed.PhotoFeed;
				PRODUCT_NAME = "$(TARGET_NAME)";
				SWIFT_EMIT_LOC_STRINGS = YES;
				SWIFT_VERSION = 5.0;
				TARGETED_DEVICE_FAMILY = 1;
			};
			name = Release;
		};
/* End XCBuildConfiguration section */

/* Begin XCConfigurationList section */
		3740FD2A28B6CB5500B19C43 /* Build configuration list for PBXProject "PhotoFeed" */ = {
			isa = XCConfigurationList;
			buildConfigurations = (
				3740FD4128B6CB5700B19C43 /* Debug */,
				3740FD4228B6CB5700B19C43 /* Release */,
			);
			defaultConfigurationIsVisible = 0;
			defaultConfigurationName = Release;
		};
		3740FD4328B6CB5700B19C43 /* Build configuration list for PBXNativeTarget "PhotoFeed" */ = {
			isa = XCConfigurationList;
			buildConfigurations = (
				3740FD4428B6CB5700B19C43 /* Debug */,
				3740FD4528B6CB5700B19C43 /* Release */,
			);
			defaultConfigurationIsVisible = 0;
			defaultConfigurationName = Release;
		};
/* End XCConfigurationList section */
	};
	rootObject = 3740FD2728B6CB5500B19C43 /* Project object */;
}
